
Microsoft Visual Studio Solution File, Format Version 12.00
# Visual Studio Version 17
VisualStudioVersion = 17.10.35122.118
MinimumVisualStudioVersion = 10.0.40219.1
Project("{FAE04EC0-301F-11D3-BF4B-00C04F79EFBC}") = "FinAIAPI", "FinAIAPI\FinAIAPI.csproj", "{FFAB6A95-3623-4F85-9CEB-CF039A33362D}"
EndProject
Global
	GlobalSection(SolutionConfigurationPlatforms) = preSolution
		Debug|Any CPU = Debug|Any CPU
		Release|Any CPU = Release|Any CPU
	EndGlobalSection
	GlobalSection(ProjectConfigurationPlatforms) = postSolution
		{FFAB6A95-3623-4F85-9CEB-CF039A33362D}.Debug|Any CPU.ActiveCfg = Debug|Any CPU
		{FFAB6A95-3623-4F85-9CEB-CF039A33362D}.Debug|Any CPU.Build.0 = Debug|Any CPU
		{FFAB6A95-3623-4F85-9CEB-CF039A33362D}.Release|Any CPU.ActiveCfg = Release|Any CPU
		{FFAB6A95-3623-4F85-9CEB-CF039A33362D}.Release|Any CPU.Build.0 = Release|Any CPU
	EndGlobalSection
	GlobalSection(SolutionProperties) = preSolution
		HideSolutionNode = FALSE
	EndGlobalSection
	GlobalSection(ExtensibilityGlobals) = postSolution
		SolutionGuid = {0904F748-0A8A-4935-9738-21C701B80D19}
	EndGlobalSection
EndGlobal
